PODS:
  - Alamofire (4.9.1)
  - JTMiniProgram (0.1.0):
    - Alamofire
    - SnapKit
  - SnapKit (4.2.0)

DEPENDENCIES:
  - JTMiniProgram (from `../`)

SPEC REPOS:
  trunk:
    - Alamofire
    - SnapKit

EXTERNAL SOURCES:
  JTMiniProgram:
    :path: "../"

SPEC CHECKSUMS:
  Alamofire: 85e8a02c69d6020a0d734f6054870d7ecb75cf18
  JTMiniProgram: 7b873fb53e9805a6a0d83680a61ea5cf65fe9838
  SnapKit: fe8a619752f3f27075cc9a90244d75c6c3f27e2a

PODFILE CHECKSUM: 69f2c8098255d90f9603665a7dbce75a85d08306

COCOAPODS: 1.11.2
